
Microsoft Visual Studio Solution File, Format Version 12.00
# Visual Studio Version 17
VisualStudioVersion = 17.14.36203.30 d17.14
MinimumVisualStudioVersion = 10.0.40219.1
Project("{FAE04EC0-301F-11D3-BF4B-00C04F79EFBC}") = "qr2", "qr2\qr2.csproj", "{E462B503-1AB1-4521-82D8-E797E8F64A7D}"
EndProject
Global
	GlobalSection(SolutionConfigurationPlatforms) = preSolution
		Debug|Any CPU = Debug|Any CPU
		Release|Any CPU = Release|Any CPU
	EndGlobalSection
	GlobalSection(ProjectConfigurationPlatforms) = postSolution
		{E462B503-1AB1-4521-82D8-E797E8F64A7D}.Debug|Any CPU.ActiveCfg = Debug|Any CPU
		{E462B503-1AB1-4521-82D8-E797E8F64A7D}.Debug|Any CPU.Build.0 = Debug|Any CPU
		{E462B503-1AB1-4521-82D8-E797E8F64A7D}.Release|Any CPU.ActiveCfg = Release|Any CPU
		{E462B503-1AB1-4521-82D8-E797E8F64A7D}.Release|Any CPU.Build.0 = Release|Any CPU
	EndGlobalSection
	GlobalSection(SolutionProperties) = preSolution
		HideSolutionNode = FALSE
	EndGlobalSection
	GlobalSection(ExtensibilityGlobals) = postSolution
		SolutionGuid = {B2D9F70D-1E62-4723-B4E3-875BB829AC2E}
	EndGlobalSection
EndGlobal
